
Microsoft Visual Studio Solution File, Format Version 12.00
# Visual Studio Version 17
VisualStudioVersion = 17.5.33414.496
MinimumVisualStudioVersion = 10.0.40219.1
Project("{FAE04EC0-301F-11D3-BF4B-00C04F79EFBC}") = "ITMO_m2_labs", "ITMO_m2_labs\ITMO_m2_labs.csproj", "{76845822-B654-4FF6-8958-6749CB1D07DD}"
EndProject
Global
	GlobalSection(SolutionConfigurationPlatforms) = preSolution
		Debug|Any CPU = Debug|Any CPU
		Release|Any CPU = Release|Any CPU
	EndGlobalSection
	GlobalSection(ProjectConfigurationPlatforms) = postSolution
		{76845822-B654-4FF6-8958-6749CB1D07DD}.Debug|Any CPU.ActiveCfg = Debug|Any CPU
		{76845822-B654-4FF6-8958-6749CB1D07DD}.Debug|Any CPU.Build.0 = Debug|Any CPU
		{76845822-B654-4FF6-8958-6749CB1D07DD}.Release|Any CPU.ActiveCfg = Release|Any CPU
		{76845822-B654-4FF6-8958-6749CB1D07DD}.Release|Any CPU.Build.0 = Release|Any CPU
	EndGlobalSection
	GlobalSection(SolutionProperties) = preSolution
		HideSolutionNode = FALSE
	EndGlobalSection
	GlobalSection(ExtensibilityGlobals) = postSolution
		SolutionGuid = {D0980FAD-2B0F-49A8-B0C6-FA55654CE72F}
	EndGlobalSection
EndGlobal
